{
  "name": "looker-load-test",
  "version": "0.0.0",
  "lockfileVersion": 1,
  "requires": true,
  "dependencies": {
    "semver": {
      "version": "5.7.2",
      "resolved": "https://registry.npmjs.org/semver/-/semver-5.7.2.tgz",
      "integrity": "sha512-cBznnQ9KjJqU67B52RMC65CMarK2600WFnbkcaiwWq3xy/5haFJlshgnpjovMVJ+Hff49d8GEn0b87C5pDQ10g=="
    },
    "tiny-async-pool": {
      "version": "1.1.0",
      "resolved": "https://registry.npmjs.org/tiny-async-pool/-/tiny-async-pool-1.1.0.tgz",
      "integrity": "sha512-jIglyHF/9QdCC3662m/UMVADE6SlocBDpXdFLMZyiAfrw8MSG1pml7lwRtBMT6L/z4dddAxfzw2lpW2Vm42fyQ==",
      "requires": {
        "semver": "^5.5.0",
        "yaassertion": "^1.0.0"
      }
    },
    "yaassertion": {
      "version": "1.0.2",
      "resolved": "https://registry.npmjs.org/yaassertion/-/yaassertion-1.0.2.tgz",
      "integrity": "sha512-sBoJBg5vTr3lOpRX0yFD+tz7wv/l2UPMFthag4HGTMPrypBRKerjjS8jiEnNMjcAEtPXjbHiKE0UwRR1W1GXBg=="
    }
  }
}
